
Microsoft Visual Studio Solution File, Format Version 12.00
# Visual Studio Version 17
VisualStudioVersion = 17.6.33829.357
MinimumVisualStudioVersion = 10.0.40219.1
Project("{FAE04EC0-301F-11D3-BF4B-00C04F79EFBC}") = "NortwindApi", "NortwindApi\NortwindApi.csproj", "{7EBAE2E3-697F-4E29-8FC2-3B7622B3A434}"
EndProject
Global
	GlobalSection(SolutionConfigurationPlatforms) = preSolution
		Debug|Any CPU = Debug|Any CPU
		Release|Any CPU = Release|Any CPU
	EndGlobalSection
	GlobalSection(ProjectConfigurationPlatforms) = postSolution
		{7EBAE2E3-697F-4E29-8FC2-3B7622B3A434}.Debug|Any CPU.ActiveCfg = Debug|Any CPU
		{7EBAE2E3-697F-4E29-8FC2-3B7622B3A434}.Debug|Any CPU.Build.0 = Debug|Any CPU
		{7EBAE2E3-697F-4E29-8FC2-3B7622B3A434}.Release|Any CPU.ActiveCfg = Release|Any CPU
		{7EBAE2E3-697F-4E29-8FC2-3B7622B3A434}.Release|Any CPU.Build.0 = Release|Any CPU
	EndGlobalSection
	GlobalSection(SolutionProperties) = preSolution
		HideSolutionNode = FALSE
	EndGlobalSection
	GlobalSection(ExtensibilityGlobals) = postSolution
		SolutionGuid = {564F66D8-A14A-482B-BB15-A876D7E52517}
	EndGlobalSection
EndGlobal
